
Microsoft Visual Studio Solution File, Format Version 12.00
# Visual Studio 2012
Project("{FAE04EC0-301F-11D3-BF4B-00C04F79EFBC}") = "WinDig.Tests", "WinDig.Tests\WinDig.Tests.csproj", "{6D6F1992-1687-4C7C-B70A-287C1996C2D8}"
EndProject
Project("{FAE04EC0-301F-11D3-BF4B-00C04F79EFBC}") = "Drone.API.Dig", "Drone.API.Dig\Drone.API.Dig.csproj", "{77742DD2-F292-4B7E-AB50-457453D6B0C8}"
EndProject
Global
	GlobalSection(TeamFoundationVersionControl) = preSolution
		SccNumberOfProjects = 1
		SccEnterpriseProvider = {4CA58AB2-18FA-4F8D-95D4-32DDF27D184C}
		SccTeamFoundationServer = http://tfs2010:8080/tfs/gd
		SccProjectUniqueName0 = Drone.API.Dig\\Drone.API.Dig.csproj
		SccProjectName0 = Drone.API.Dig
		SccAuxPath0 = http://tfs2010:8080/tfs/gd
		SccLocalPath0 = Drone.API.Dig
		SccProvider0 = {4CA58AB2-18FA-4F8D-95D4-32DDF27D184C}
	EndGlobalSection
	GlobalSection(SolutionConfigurationPlatforms) = preSolution
		Debug|Any CPU = Debug|Any CPU
		Release|Any CPU = Release|Any CPU
	EndGlobalSection
	GlobalSection(ProjectConfigurationPlatforms) = postSolution
		{6D6F1992-1687-4C7C-B70A-287C1996C2D8}.Debug|Any CPU.ActiveCfg = Debug|Any CPU
		{6D6F1992-1687-4C7C-B70A-287C1996C2D8}.Debug|Any CPU.Build.0 = Debug|Any CPU
		{6D6F1992-1687-4C7C-B70A-287C1996C2D8}.Release|Any CPU.ActiveCfg = Release|Any CPU
		{6D6F1992-1687-4C7C-B70A-287C1996C2D8}.Release|Any CPU.Build.0 = Release|Any CPU
		{77742DD2-F292-4B7E-AB50-457453D6B0C8}.Debug|Any CPU.ActiveCfg = Debug|Any CPU
		{77742DD2-F292-4B7E-AB50-457453D6B0C8}.Debug|Any CPU.Build.0 = Debug|Any CPU
		{77742DD2-F292-4B7E-AB50-457453D6B0C8}.Release|Any CPU.ActiveCfg = Release|Any CPU
		{77742DD2-F292-4B7E-AB50-457453D6B0C8}.Release|Any CPU.Build.0 = Release|Any CPU
	EndGlobalSection
	GlobalSection(SolutionProperties) = preSolution
		HideSolutionNode = FALSE
	EndGlobalSection
EndGlobal
